dependencies:
- name: postgresql
  repository: https://charts.bitnami.com/bitnami
  version: 8.9.2
- name: memcached
  repository: https://charts.bitnami.com/bitnami
  version: 4.2.18
digest: sha256:3b8aee060c56dfbcdde9fbd8ad386d9b4da2e4b9e8c33b69d842ac682171c86a
generated: "2020-06-06T17:41:36.983937315+03:00"
